
Microsoft Visual Studio Solution File, Format Version 12.00
# Visual Studio Version 16
VisualStudioVersion = 16.0.31025.194
MinimumVisualStudioVersion = 10.0.40219.1
Project("{FAE04EC0-301F-11D3-BF4B-00C04F79EFBC}") = "WebApp", "WebApp\WebApp.csproj", "{AB25C402-EA65-4828-8EE3-89E319BDADC2}"
EndProject
Global
	GlobalSection(SolutionConfigurationPlatforms) = preSolution
		Debug|Any CPU = Debug|Any CPU
		Release|Any CPU = Release|Any CPU
	EndGlobalSection
	GlobalSection(ProjectConfigurationPlatforms) = postSolution
		{AB25C402-EA65-4828-8EE3-89E319BDADC2}.Debug|Any CPU.ActiveCfg = Debug|Any CPU
		{AB25C402-EA65-4828-8EE3-89E319BDADC2}.Debug|Any CPU.Build.0 = Debug|Any CPU
		{AB25C402-EA65-4828-8EE3-89E319BDADC2}.Release|Any CPU.ActiveCfg = Release|Any CPU
		{AB25C402-EA65-4828-8EE3-89E319BDADC2}.Release|Any CPU.Build.0 = Release|Any CPU
	EndGlobalSection
	GlobalSection(SolutionProperties) = preSolution
		HideSolutionNode = FALSE
	EndGlobalSection
	GlobalSection(ExtensibilityGlobals) = postSolution
		SolutionGuid = {C9265159-BFA8-46ED-89C8-54B5E2F2CB9F}
	EndGlobalSection
EndGlobal
